// !$*UTF8*$!
{
	archiveVersion = 1;
	classes = {
	};
	objectVersion = 56;
	objects = {

/* Begin PBXBuildFile section */
		A00000000000000000000001 /* PreferansApp.swift in Sources */ = {isa = PBXBuildFile; fileRef = A00000000000000000000011 /* PreferansApp.swift */; };
		A00000000000000000000002 /* ContentView.swift in Sources */ = {isa = PBXBuildFile; fileRef = A00000000000000000000012 /* ContentView.swift */; };
		A00000000000000000000003 /* GameModels.swift in Sources */ = {isa = PBXBuildFile; fileRef = A00000000000000000000013 /* GameModels.swift */; };
		A00000000000000000000004 /* GameViewModel.swift in Sources */ = {isa = PBXBuildFile; fileRef = A00000000000000000000014 /* GameViewModel.swift */; };
		A00000000000000000000005 /* LobbyView.swift in Sources */ = {isa = PBXBuildFile; fileRef = A00000000000000000000015 /* LobbyView.swift */; };
		A00000000000000000000006 /* TableView.swift in Sources */ = {isa = PBXBuildFile; fileRef = A00000000000000000000016 /* TableView.swift */; };
		A00000000000000000000007 /* InviteService.swift in Sources */ = {isa = PBXBuildFile; fileRef = A00000000000000000000017 /* InviteService.swift */; };
		A00000000000000000000008 /* Assets.xcassets in Resources */ = {isa = PBXBuildFile; fileRef = A00000000000000000000018 /* Assets.xcassets */; };
		A00000000000000000000025 /* CardViews.swift in Sources */ = {isa = PBXBuildFile; fileRef = A00000000000000000000026 /* CardViews.swift */; };
		A00000000000000000000027 /* OnlinePlayModels.swift in Sources */ = {isa = PBXBuildFile; fileRef = A00000000000000000000028 /* OnlinePlayModels.swift */; };
		A00000000000000000000029 /* MultiplayerSyncModels.swift in Sources */ = {isa = PBXBuildFile; fileRef = A0000000000000000000002A /* MultiplayerSyncModels.swift */; };
		A0000000000000000000002B /* CloudKitMultiplayerService.swift in Sources */ = {isa = PBXBuildFile; fileRef = A0000000000000000000002C /* CloudKitMultiplayerService.swift */; };
/* End PBXBuildFile section */

/* Begin PBXFileReference section */
		A00000000000000000000010 /* Preferans.app */ = {isa = PBXFileReference; explicitFileType = wrapper.application; includeInIndex = 0; path = Preferans.app; sourceTree = BUILT_PRODUCTS_DIR; };
		A00000000000000000000011 /* PreferansApp.swift */ = {isa = PBXFileReference; lastKnownFileType = sourcecode.swift; path = PreferansApp.swift; sourceTree = "<group>"; };
		A00000000000000000000012 /* ContentView.swift */ = {isa = PBXFileReference; lastKnownFileType = sourcecode.swift; path = ContentView.swift; sourceTree = "<group>"; };
		A00000000000000000000013 /* GameModels.swift */ = {isa = PBXFileReference; lastKnownFileType = sourcecode.swift; path = GameModels.swift; sourceTree = "<group>"; };
		A00000000000000000000014 /* GameViewModel.swift */ = {isa = PBXFileReference; lastKnownFileType = sourcecode.swift; path = GameViewModel.swift; sourceTree = "<group>"; };
		A00000000000000000000015 /* LobbyView.swift */ = {isa = PBXFileReference; lastKnownFileType = sourcecode.swift; path = LobbyView.swift; sourceTree = "<group>"; };
		A00000000000000000000016 /* TableView.swift */ = {isa = PBXFileReference; lastKnownFileType = sourcecode.swift; path = TableView.swift; sourceTree = "<group>"; };
		A00000000000000000000017 /* InviteService.swift */ = {isa = PBXFileReference; lastKnownFileType = sourcecode.swift; path = InviteService.swift; sourceTree = "<group>"; };
		A00000000000000000000018 /* Assets.xcassets */ = {isa = PBXFileReference; lastKnownFileType = folder.assetcatalog; path = Assets.xcassets; sourceTree = "<group>"; };
		A00000000000000000000019 /* README.md */ = {isa = PBXFileReference; lastKnownFileType = net.daringfireball.markdown; path = README.md; sourceTree = "<group>"; };
		A00000000000000000000024 /* AppStore */ = {isa = PBXFileReference; lastKnownFileType = folder; path = AppStore; sourceTree = "<group>"; };
		A00000000000000000000026 /* CardViews.swift */ = {isa = PBXFileReference; lastKnownFileType = sourcecode.swift; path = CardViews.swift; sourceTree = "<group>"; };
		A00000000000000000000028 /* OnlinePlayModels.swift */ = {isa = PBXFileReference; lastKnownFileType = sourcecode.swift; path = OnlinePlayModels.swift; sourceTree = "<group>"; };
		A0000000000000000000002A /* MultiplayerSyncModels.swift */ = {isa = PBXFileReference; lastKnownFileType = sourcecode.swift; path = MultiplayerSyncModels.swift; sourceTree = "<group>"; };
		A0000000000000000000002C /* CloudKitMultiplayerService.swift */ = {isa = PBXFileReference; lastKnownFileType = sourcecode.swift; path = CloudKitMultiplayerService.swift; sourceTree = "<group>"; };
/* End PBXFileReference section */

/* Begin PBXFrameworksBuildPhase section */
		A00000000000000000000020 /* Frameworks */ = {
			isa = PBXFrameworksBuildPhase;
			buildActionMask = 2147483647;
			files = (
			);
			runOnlyForDeploymentPostprocessing = 0;
		};
/* End PBXFrameworksBuildPhase section */

/* Begin PBXGroup section */
		A00000000000000000000021 = {
			isa = PBXGroup;
			children = (
				A00000000000000000000022 /* Preferans */,
				A00000000000000000000024 /* AppStore */,
				A00000000000000000000023 /* Products */,
			);
			sourceTree = "<group>";
		};
		A00000000000000000000022 /* Preferans */ = {
			isa = PBXGroup;
			children = (
				A00000000000000000000011 /* PreferansApp.swift */,
				A00000000000000000000012 /* ContentView.swift */,
				A00000000000000000000013 /* GameModels.swift */,
				A00000000000000000000014 /* GameViewModel.swift */,
				A00000000000000000000015 /* LobbyView.swift */,
				A00000000000000000000016 /* TableView.swift */,
				A00000000000000000000017 /* InviteService.swift */,
				A00000000000000000000026 /* CardViews.swift */,
				A00000000000000000000028 /* OnlinePlayModels.swift */,
				A0000000000000000000002A /* MultiplayerSyncModels.swift */,
				A0000000000000000000002C /* CloudKitMultiplayerService.swift */,
				A00000000000000000000018 /* Assets.xcassets */,
				A00000000000000000000019 /* README.md */,
			);
			path = Preferans;
			sourceTree = "<group>";
		};
		A00000000000000000000023 /* Products */ = {
			isa = PBXGroup;
			children = (
				A00000000000000000000010 /* Preferans.app */,
			);
			name = Products;
			sourceTree = "<group>";
		};
/* End PBXGroup section */

/* Begin PBXNativeTarget section */
		A00000000000000000000030 /* Preferans */ = {
			isa = PBXNativeTarget;
			buildConfigurationList = A00000000000000000000040 /* Build configuration list for PBXNativeTarget "Preferans" */;
			buildPhases = (
				A00000000000000000000031 /* Sources */,
				A00000000000000000000020 /* Frameworks */,
				A00000000000000000000032 /* Resources */,
			);
			buildRules = (
			);
			dependencies = (
			);
			name = Preferans;
			productName = Preferans;
			productReference = A00000000000000000000010 /* Preferans.app */;
			productType = "com.apple.product-type.application";
		};
/* End PBXNativeTarget section */

/* Begin PBXProject section */
		A00000000000000000000033 /* Project object */ = {
			isa = PBXProject;
			attributes = {
				BuildIndependentTargetsInParallel = 1;
				LastSwiftUpdateCheck = 2600;
				LastUpgradeCheck = 2640;
				TargetAttributes = {
					A00000000000000000000030 = {
						CreatedOnToolsVersion = 26.4.1;
					};
				};
			};
			buildConfigurationList = A00000000000000000000041 /* Build configuration list for PBXProject "Preferans" */;
			compatibilityVersion = "Xcode 14.0";
			developmentRegion = en;
			hasScannedForEncodings = 0;
			knownRegions = (
				en,
				Base,
			);
			mainGroup = A00000000000000000000021;
			productRefGroup = A00000000000000000000023 /* Products */;
			projectDirPath = "";
			projectRoot = "";
			targets = (
				A00000000000000000000030 /* Preferans */,
			);
		};
/* End PBXProject section */

/* Begin PBXResourcesBuildPhase section */
		A00000000000000000000032 /* Resources */ = {
			isa = PBXResourcesBuildPhase;
			buildActionMask = 2147483647;
			files = (
				A00000000000000000000008 /* Assets.xcassets in Resources */,
			);
			runOnlyForDeploymentPostprocessing = 0;
		};
/* End PBXResourcesBuildPhase section */

/* Begin PBXSourcesBuildPhase section */
		A00000000000000000000031 /* Sources */ = {
			isa = PBXSourcesBuildPhase;
			buildActionMask = 2147483647;
			files = (
				A00000000000000000000002 /* ContentView.swift in Sources */,
				A00000000000000000000003 /* GameModels.swift in Sources */,
				A00000000000000000000004 /* GameViewModel.swift in Sources */,
				A00000000000000000000005 /* LobbyView.swift in Sources */,
				A00000000000000000000006 /* TableView.swift in Sources */,
				A00000000000000000000007 /* InviteService.swift in Sources */,
				A00000000000000000000025 /* CardViews.swift in Sources */,
				A00000000000000000000027 /* OnlinePlayModels.swift in Sources */,
				A00000000000000000000029 /* MultiplayerSyncModels.swift in Sources */,
				A0000000000000000000002B /* CloudKitMultiplayerService.swift in Sources */,
				A00000000000000000000001 /* PreferansApp.swift in Sources */,
			);
			runOnlyForDeploymentPostprocessing = 0;
		};
/* End PBXSourcesBuildPhase section */

/* Begin XCBuildConfiguration section */
		A00000000000000000000050 /* Debug */ = {
			isa = XCBuildConfiguration;
			buildSettings = {
				ALWAYS_SEARCH_USER_PATHS = NO;
				CLANG_ENABLE_MODULES = YES;
				CLANG_ENABLE_OBJC_ARC = YES;
				CLANG_WARN_BLOCK_CAPTURE_AUTORELEASING = YES;
				CLANG_WARN_BOOL_CONVERSION = YES;
				CLANG_WARN_COMMA = YES;
				CLANG_WARN_CONSTANT_CONVERSION = YES;
				CLANG_WARN_DEPRECATED_OBJC_IMPLEMENTATIONS = YES;
				CLANG_WARN_EMPTY_BODY = YES;
				CLANG_WARN_ENUM_CONVERSION = YES;
				CLANG_WARN_INFINITE_RECURSION = YES;
				CLANG_WARN_INT_CONVERSION = YES;
				CLANG_WARN_NON_LITERAL_NULL_CONVERSION = YES;
				CLANG_WARN_OBJC_IMPLICIT_RETAIN_SELF = YES;
				CLANG_WARN_OBJC_LITERAL_CONVERSION = YES;
				CLANG_WARN_QUOTED_INCLUDE_IN_FRAMEWORK_HEADER = YES;
				CLANG_WARN_RANGE_LOOP_ANALYSIS = YES;
				CLANG_WARN_STRICT_PROTOTYPES = YES;
				CLANG_WARN_SUSPICIOUS_MOVE = YES;
				CLANG_WARN_UNREACHABLE_CODE = YES;
				CLANG_WARN__DUPLICATE_METHOD_MATCH = YES;
				COPY_PHASE_STRIP = NO;
				DEAD_CODE_STRIPPING = YES;
				DEBUG_INFORMATION_FORMAT = dwarf;
				DEVELOPMENT_TEAM = 3WSQ6X9CDT;
				ENABLE_PREVIEWS = YES;
				ENABLE_STRICT_OBJC_MSGSEND = YES;
				ENABLE_TESTABILITY = YES;
				ENABLE_USER_SCRIPT_SANDBOXING = YES;
				GCC_NO_COMMON_BLOCKS = YES;
				GCC_OPTIMIZATION_LEVEL = 0;
				GCC_WARN_64_TO_32_BIT_CONVERSION = YES;
				GCC_WARN_ABOUT_RETURN_TYPE = YES;
				GCC_WARN_UNDECLARED_SELECTOR = YES;
				GCC_WARN_UNINITIALIZED_AUTOS = YES;
				GCC_WARN_UNUSED_FUNCTION = YES;
				GCC_WARN_UNUSED_VARIABLE = YES;
				IPHONEOS_DEPLOYMENT_TARGET = 17.0;
				ONLY_ACTIVE_ARCH = YES;
				STRING_CATALOG_GENERATE_SYMBOLS = YES;
				SWIFT_ACTIVE_COMPILATION_CONDITIONS = DEBUG;
				SWIFT_OPTIMIZATION_LEVEL = "-Onone";
			};
			name = Debug;
		};
		A00000000000000000000051 /* Release */ = {
			isa = XCBuildConfiguration;
			buildSettings = {
				ALWAYS_SEARCH_USER_PATHS = NO;
				CLANG_ENABLE_MODULES = YES;
				CLANG_ENABLE_OBJC_ARC = YES;
				CLANG_WARN_BLOCK_CAPTURE_AUTORELEASING = YES;
				CLANG_WARN_BOOL_CONVERSION = YES;
				CLANG_WARN_COMMA = YES;
				CLANG_WARN_CONSTANT_CONVERSION = YES;
				CLANG_WARN_DEPRECATED_OBJC_IMPLEMENTATIONS = YES;
				CLANG_WARN_EMPTY_BODY = YES;
				CLANG_WARN_ENUM_CONVERSION = YES;
				CLANG_WARN_INFINITE_RECURSION = YES;
				CLANG_WARN_INT_CONVERSION = YES;
				CLANG_WARN_NON_LITERAL_NULL_CONVERSION = YES;
				CLANG_WARN_OBJC_IMPLICIT_RETAIN_SELF = YES;
				CLANG_WARN_OBJC_LITERAL_CONVERSION = YES;
				CLANG_WARN_QUOTED_INCLUDE_IN_FRAMEWORK_HEADER = YES;
				CLANG_WARN_RANGE_LOOP_ANALYSIS = YES;
				CLANG_WARN_STRICT_PROTOTYPES = YES;
				CLANG_WARN_SUSPICIOUS_MOVE = YES;
				CLANG_WARN_UNREACHABLE_CODE = YES;
				CLANG_WARN__DUPLICATE_METHOD_MATCH = YES;
				COPY_PHASE_STRIP = NO;
				DEAD_CODE_STRIPPING = YES;
				DEBUG_INFORMATION_FORMAT = "dwarf-with-dsym";
				DEVELOPMENT_TEAM = 3WSQ6X9CDT;
				ENABLE_NS_ASSERTIONS = NO;
				ENABLE_STRICT_OBJC_MSGSEND = YES;
				ENABLE_USER_SCRIPT_SANDBOXING = YES;
				GCC_NO_COMMON_BLOCKS = YES;
				GCC_WARN_64_TO_32_BIT_CONVERSION = YES;
				GCC_WARN_ABOUT_RETURN_TYPE = YES;
				GCC_WARN_UNDECLARED_SELECTOR = YES;
				GCC_WARN_UNINITIALIZED_AUTOS = YES;
				GCC_WARN_UNUSED_FUNCTION = YES;
				GCC_WARN_UNUSED_VARIABLE = YES;
				IPHONEOS_DEPLOYMENT_TARGET = 17.0;
				STRING_CATALOG_GENERATE_SYMBOLS = YES;
				SWIFT_COMPILATION_MODE = wholemodule;
				VALIDATE_PRODUCT = YES;
			};
			name = Release;
		};
		A00000000000000000000052 /* Debug */ = {
			isa = XCBuildConfiguration;
			buildSettings = {
				ASSETCATALOG_COMPILER_APPICON_NAME = AppIcon;
				CODE_SIGN_ENTITLEMENTS = Preferans/Preferans.entitlements;
				CODE_SIGN_STYLE = Automatic;
				CURRENT_PROJECT_VERSION = 1;
				DEAD_CODE_STRIPPING = YES;
				ENABLE_PREVIEWS = YES;
				GENERATE_INFOPLIST_FILE = YES;
				INFOPLIST_KEY_CFBundleDisplayName = Preferans;
				INFOPLIST_KEY_CKSharingSupported = YES;
				INFOPLIST_KEY_LSApplicationCategoryType = "public.app-category.games";
				INFOPLIST_KEY_UIApplicationSceneManifest_Generation = YES;
				INFOPLIST_KEY_UIApplicationSupportsIndirectInputEvents = YES;
				INFOPLIST_KEY_UILaunchScreen_Generation = YES;
				INFOPLIST_KEY_UIRequiresFullScreen = YES;
				INFOPLIST_KEY_UISupportedInterfaceOrientations_iPad = "UIInterfaceOrientationPortrait UIInterfaceOrientationLandscapeLeft UIInterfaceOrientationLandscapeRight";
				INFOPLIST_KEY_UISupportedInterfaceOrientations_iPhone = UIInterfaceOrientationPortrait;
				LD_RUNPATH_SEARCH_PATHS = (
					"$(inherited)",
					"@executable_path/Frameworks",
				);
				MARKETING_VERSION = 1.0;
				PRODUCT_BUNDLE_IDENTIFIER = com.mixandmatch.preferans;
				PRODUCT_NAME = "$(TARGET_NAME)";
				SUPPORTED_PLATFORMS = "iphoneos iphonesimulator";
				SWIFT_EMIT_LOC_STRINGS = YES;
				SWIFT_VERSION = 5.0;
				TARGETED_DEVICE_FAMILY = "1,2";
			};
			name = Debug;
		};
		A00000000000000000000053 /* Release */ = {
			isa = XCBuildConfiguration;
			buildSettings = {
				ASSETCATALOG_COMPILER_APPICON_NAME = AppIcon;
				CODE_SIGN_ENTITLEMENTS = Preferans/Preferans.entitlements;
				CODE_SIGN_STYLE = Automatic;
				CURRENT_PROJECT_VERSION = 1;
				DEAD_CODE_STRIPPING = YES;
				GENERATE_INFOPLIST_FILE = YES;
				INFOPLIST_KEY_CFBundleDisplayName = Preferans;
				INFOPLIST_KEY_CKSharingSupported = YES;
				INFOPLIST_KEY_LSApplicationCategoryType = "public.app-category.games";
				INFOPLIST_KEY_UIApplicationSceneManifest_Generation = YES;
				INFOPLIST_KEY_UIApplicationSupportsIndirectInputEvents = YES;
				INFOPLIST_KEY_UILaunchScreen_Generation = YES;
				INFOPLIST_KEY_UIRequiresFullScreen = YES;
				INFOPLIST_KEY_UISupportedInterfaceOrientations_iPad = "UIInterfaceOrientationPortrait UIInterfaceOrientationLandscapeLeft UIInterfaceOrientationLandscapeRight";
				INFOPLIST_KEY_UISupportedInterfaceOrientations_iPhone = UIInterfaceOrientationPortrait;
				LD_RUNPATH_SEARCH_PATHS = (
					"$(inherited)",
					"@executable_path/Frameworks",
				);
				MARKETING_VERSION = 1.0;
				PRODUCT_BUNDLE_IDENTIFIER = com.mixandmatch.preferans;
				PRODUCT_NAME = "$(TARGET_NAME)";
				SUPPORTED_PLATFORMS = "iphoneos iphonesimulator";
				SWIFT_EMIT_LOC_STRINGS = YES;
				SWIFT_VERSION = 5.0;
				TARGETED_DEVICE_FAMILY = "1,2";
			};
			name = Release;
		};
/* End XCBuildConfiguration section */

/* Begin XCConfigurationList section */
		A00000000000000000000040 /* Build configuration list for PBXNativeTarget "Preferans" */ = {
			isa = XCConfigurationList;
			buildConfigurations = (
				A00000000000000000000052 /* Debug */,
				A00000000000000000000053 /* Release */,
			);
			defaultConfigurationIsVisible = 0;
			defaultConfigurationName = Release;
		};
		A00000000000000000000041 /* Build configuration list for PBXProject "Preferans" */ = {
			isa = XCConfigurationList;
			buildConfigurations = (
				A00000000000000000000050 /* Debug */,
				A00000000000000000000051 /* Release */,
			);
			defaultConfigurationIsVisible = 0;
			defaultConfigurationName = Release;
		};
/* End XCConfigurationList section */
	};
	rootObject = A00000000000000000000033 /* Project object */;
}
