// !$*UTF8*$!
{
	archiveVersion = 1;
	classes = {
	};
	objectVersion = 56;
	objects = {

/* Begin PBXBuildFile section */
		A00000000000000000000008 /* Assets.xcassets in Resources */ = {isa = PBXBuildFile; fileRef = A00000000000000000000018 /* Assets.xcassets */; };
		B00000000000000000000001 /* PreferansApp.swift in Sources */ = {isa = PBXBuildFile; fileRef = B00000000000000000000031 /* PreferansApp.swift */; };
		B00000000000000000000002 /* GameViewModel.swift in Sources */ = {isa = PBXBuildFile; fileRef = B00000000000000000000032 /* GameViewModel.swift */; };
		B00000000000000000000003 /* CloudKitGameArchiveStore.swift in Sources */ = {isa = PBXBuildFile; fileRef = B00000000000000000000033 /* CloudKitGameArchiveStore.swift */; };
		B00000000000000000000004 /* CloudKitModels.swift in Sources */ = {isa = PBXBuildFile; fileRef = B00000000000000000000034 /* CloudKitModels.swift */; };
		B00000000000000000000005 /* CloudKitRecords.swift in Sources */ = {isa = PBXBuildFile; fileRef = B00000000000000000000035 /* CloudKitRecords.swift */; };
		B00000000000000000000006 /* GameCenterMatchmakerView.swift in Sources */ = {isa = PBXBuildFile; fileRef = B00000000000000000000036 /* GameCenterMatchmakerView.swift */; };
		B00000000000000000000007 /* GameCenterService.swift in Sources */ = {isa = PBXBuildFile; fileRef = B00000000000000000000037 /* GameCenterService.swift */; };
		B00000000000000000000008 /* GameKitRealtimeTransport.swift in Sources */ = {isa = PBXBuildFile; fileRef = B00000000000000000000038 /* GameKitRealtimeTransport.swift */; };
		B00000000000000000000009 /* GameWireMessage.swift in Sources */ = {isa = PBXBuildFile; fileRef = B00000000000000000000039 /* GameWireMessage.swift */; };
		B0000000000000000000000A /* WirePreferansAction.swift in Sources */ = {isa = PBXBuildFile; fileRef = B0000000000000000000003A /* WirePreferansAction.swift */; };
		B0000000000000000000000B /* GameLogReplayer.swift in Sources */ = {isa = PBXBuildFile; fileRef = B0000000000000000000003B /* GameLogReplayer.swift */; };
		B0000000000000000000000C /* HostGameActor.swift in Sources */ = {isa = PBXBuildFile; fileRef = B0000000000000000000003C /* HostGameActor.swift */; };
		B0000000000000000000000D /* HostedOnlineGameCoordinator.swift in Sources */ = {isa = PBXBuildFile; fileRef = B0000000000000000000003D /* HostedOnlineGameCoordinator.swift */; };
		B0000000000000000000000E /* PlayerProjection.swift in Sources */ = {isa = PBXBuildFile; fileRef = B0000000000000000000003E /* PlayerProjection.swift */; };
		B0000000000000000000000F /* AppEngineSnapshot.swift in Sources */ = {isa = PBXBuildFile; fileRef = B0000000000000000000003F /* AppEngineSnapshot.swift */; };
		B00000000000000000000010 /* AppIdentifiers.swift in Sources */ = {isa = PBXBuildFile; fileRef = B00000000000000000000040 /* AppIdentifiers.swift */; };
		B00000000000000000000011 /* PlayerIdentity.swift in Sources */ = {isa = PBXBuildFile; fileRef = B00000000000000000000041 /* PlayerIdentity.swift */; };
		B00000000000000000000012 /* PreferansEngine+UI.swift in Sources */ = {isa = PBXBuildFile; fileRef = B00000000000000000000042 /* PreferansEngine+UI.swift */; };
		B00000000000000000000013 /* PreferansGameStatus.swift in Sources */ = {isa = PBXBuildFile; fileRef = B00000000000000000000043 /* PreferansGameStatus.swift */; };
		B00000000000000000000014 /* CardView.swift in Sources */ = {isa = PBXBuildFile; fileRef = B00000000000000000000044 /* CardView.swift */; };
		B00000000000000000000015 /* LobbyView.swift in Sources */ = {isa = PBXBuildFile; fileRef = B00000000000000000000045 /* LobbyView.swift */; };
		B00000000000000000000016 /* LocalGameScreen.swift in Sources */ = {isa = PBXBuildFile; fileRef = B00000000000000000000046 /* LocalGameScreen.swift */; };
		B00000000000000000000061 /* CardFanView.swift in Sources */ = {isa = PBXBuildFile; fileRef = B00000000000000000000071 /* CardFanView.swift */; };
		B00000000000000000000062 /* OpponentSeatView.swift in Sources */ = {isa = PBXBuildFile; fileRef = B00000000000000000000072 /* OpponentSeatView.swift */; };
		B00000000000000000000063 /* TableView.swift in Sources */ = {isa = PBXBuildFile; fileRef = B00000000000000000000073 /* TableView.swift */; };
		B00000000000000000000064 /* ActionBarView.swift in Sources */ = {isa = PBXBuildFile; fileRef = B00000000000000000000074 /* ActionBarView.swift */; };
		B00000000000000000000065 /* TableTheme.swift in Sources */ = {isa = PBXBuildFile; fileRef = B00000000000000000000075 /* TableTheme.swift */; };
		B00000000000000000000018 /* ProjectionGameScreen.swift in Sources */ = {isa = PBXBuildFile; fileRef = B00000000000000000000048 /* ProjectionGameScreen.swift */; };
		B00000000000000000000019 /* ScoreBoardView.swift in Sources */ = {isa = PBXBuildFile; fileRef = B00000000000000000000049 /* ScoreBoardView.swift */; };
		C00000000000000000000020 /* Domain.swift in Sources */ = {isa = PBXBuildFile; fileRef = C00000000000000000000011 /* Domain.swift */; };
		C00000000000000000000021 /* PreferansEngine.swift in Sources */ = {isa = PBXBuildFile; fileRef = C00000000000000000000012 /* PreferansEngine.swift */; };
		C00000000000000000000022 /* PreferansError.swift in Sources */ = {isa = PBXBuildFile; fileRef = C00000000000000000000013 /* PreferansError.swift */; };
		C00000000000000000000023 /* Rules.swift in Sources */ = {isa = PBXBuildFile; fileRef = C00000000000000000000014 /* Rules.swift */; };
		C00000000000000000000024 /* Score.swift in Sources */ = {isa = PBXBuildFile; fileRef = C00000000000000000000015 /* Score.swift */; };
		C00000000000000000000025 /* State.swift in Sources */ = {isa = PBXBuildFile; fileRef = C00000000000000000000016 /* State.swift */; };
		C00000000000000000000026 /* DealSource.swift in Sources */ = {isa = PBXBuildFile; fileRef = C00000000000000000000017 /* DealSource.swift */; };
		C0000000000000000000A050 /* MatchSettings.swift in Sources */ = {isa = PBXBuildFile; fileRef = C0000000000000000000A040 /* MatchSettings.swift */; };
		C0000000000000000000A051 /* HandRecipe.swift in Sources */ = {isa = PBXBuildFile; fileRef = C0000000000000000000A041 /* HandRecipe.swift */; };
		C0000000000000000000A052 /* MatchScript.swift in Sources */ = {isa = PBXBuildFile; fileRef = C0000000000000000000A042 /* MatchScript.swift */; };
		C0000000000000000000A053 /* EngineMatchDriver.swift in Sources */ = {isa = PBXBuildFile; fileRef = C0000000000000000000A043 /* EngineMatchDriver.swift */; };
		C0000000000000000000A054 /* MatchScriptFixtures.swift in Sources */ = {isa = PBXBuildFile; fileRef = C0000000000000000000A044 /* MatchScriptFixtures.swift */; };
		C0000000000000000000A055 /* UIIdentifiers.swift in Sources */ = {isa = PBXBuildFile; fileRef = C0000000000000000000A045 /* UIIdentifiers.swift */; };
		B0000000000000000000001A /* TestHarness.swift in Sources */ = {isa = PBXBuildFile; fileRef = B0000000000000000000004A /* TestHarness.swift */; };
		C0000000000000000000002F /* PreferansEngine.framework in Frameworks */ = {isa = PBXBuildFile; fileRef = C00000000000000000000010 /* PreferansEngine.framework */; };
		D00000000000000000000001 /* PreferansEngine.framework in Embed Frameworks */ = {isa = PBXBuildFile; fileRef = C00000000000000000000010 /* PreferansEngine.framework */; settings = {ATTRIBUTES = (CodeSignOnCopy, RemoveHeadersOnCopy, ); }; };
		E00000000000000000000003 /* PreferansUITests.swift in Sources */ = {isa = PBXBuildFile; fileRef = E00000000000000000000002 /* PreferansUITests.swift */; };
		E0000000000000000000A030 /* PreferansEngine.framework in Frameworks */ = {isa = PBXBuildFile; fileRef = C00000000000000000000010 /* PreferansEngine.framework */; };
		E0000000000000000000A041 /* MatchUIRobot.swift in Sources */ = {isa = PBXBuildFile; fileRef = E0000000000000000000A040 /* MatchUIRobot.swift */; };
		E0000000000000000000A043 /* MatchUITests.swift in Sources */ = {isa = PBXBuildFile; fileRef = E0000000000000000000A042 /* MatchUITests.swift */; };
		E0000000000000000000A045 /* MatchUIDriver.swift in Sources */ = {isa = PBXBuildFile; fileRef = E0000000000000000000A044 /* MatchUIDriver.swift */; };
		E0000000000000000000A047 /* FullGameUITests.swift in Sources */ = {isa = PBXBuildFile; fileRef = E0000000000000000000A046 /* FullGameUITests.swift */; };
		E0000000000000000000A049 /* RedesignScreenshotTests.swift in Sources */ = {isa = PBXBuildFile; fileRef = E0000000000000000000A048 /* RedesignScreenshotTests.swift */; };
/* End PBXBuildFile section */

/* Begin PBXContainerItemProxy section */
		C00000000000000000000060 /* PBXContainerItemProxy */ = {
			isa = PBXContainerItemProxy;
			containerPortal = A00000000000000000000033 /* Project object */;
			proxyType = 1;
			remoteGlobalIDString = C00000000000000000000050;
			remoteInfo = PreferansEngine;
		};
		E00000000000000000000030 /* PBXContainerItemProxy */ = {
			isa = PBXContainerItemProxy;
			containerPortal = A00000000000000000000033 /* Project object */;
			proxyType = 1;
			remoteGlobalIDString = A00000000000000000000030;
			remoteInfo = Preferans;
		};
		E0000000000000000000A031 /* PBXContainerItemProxy */ = {
			isa = PBXContainerItemProxy;
			containerPortal = A00000000000000000000033 /* Project object */;
			proxyType = 1;
			remoteGlobalIDString = C00000000000000000000050;
			remoteInfo = PreferansEngine;
		};
/* End PBXContainerItemProxy section */

/* Begin PBXCopyFilesBuildPhase section */
		D00000000000000000000002 /* Embed Frameworks */ = {
			isa = PBXCopyFilesBuildPhase;
			buildActionMask = 2147483647;
			dstPath = "";
			dstSubfolderSpec = 10;
			files = (
				D00000000000000000000001 /* PreferansEngine.framework in Embed Frameworks */,
			);
			name = "Embed Frameworks";
			runOnlyForDeploymentPostprocessing = 0;
		};
/* End PBXCopyFilesBuildPhase section */

/* Begin PBXFileReference section */
		A00000000000000000000010 /* Preferans.app */ = {isa = PBXFileReference; explicitFileType = wrapper.application; includeInIndex = 0; path = Preferans.app; sourceTree = BUILT_PRODUCTS_DIR; };
		A00000000000000000000018 /* Assets.xcassets */ = {isa = PBXFileReference; lastKnownFileType = folder.assetcatalog; path = Assets.xcassets; sourceTree = "<group>"; };
		A00000000000000000000019 /* README.md */ = {isa = PBXFileReference; lastKnownFileType = net.daringfireball.markdown; path = README.md; sourceTree = "<group>"; };
		A00000000000000000000024 /* AppStore */ = {isa = PBXFileReference; lastKnownFileType = folder; path = AppStore; sourceTree = "<group>"; };
		B00000000000000000000031 /* PreferansApp.swift */ = {isa = PBXFileReference; lastKnownFileType = sourcecode.swift; path = PreferansApp.swift; sourceTree = "<group>"; };
		B00000000000000000000032 /* GameViewModel.swift */ = {isa = PBXFileReference; lastKnownFileType = sourcecode.swift; path = GameViewModel.swift; sourceTree = "<group>"; };
		B00000000000000000000033 /* CloudKitGameArchiveStore.swift */ = {isa = PBXFileReference; lastKnownFileType = sourcecode.swift; path = "CloudKit/CloudKitGameArchiveStore.swift"; sourceTree = "<group>"; };
		B00000000000000000000034 /* CloudKitModels.swift */ = {isa = PBXFileReference; lastKnownFileType = sourcecode.swift; path = "CloudKit/CloudKitModels.swift"; sourceTree = "<group>"; };
		B00000000000000000000035 /* CloudKitRecords.swift */ = {isa = PBXFileReference; lastKnownFileType = sourcecode.swift; path = "CloudKit/CloudKitRecords.swift"; sourceTree = "<group>"; };
		B00000000000000000000036 /* GameCenterMatchmakerView.swift */ = {isa = PBXFileReference; lastKnownFileType = sourcecode.swift; path = "GameKit/GameCenterMatchmakerView.swift"; sourceTree = "<group>"; };
		B00000000000000000000037 /* GameCenterService.swift */ = {isa = PBXFileReference; lastKnownFileType = sourcecode.swift; path = "GameKit/GameCenterService.swift"; sourceTree = "<group>"; };
		B00000000000000000000038 /* GameKitRealtimeTransport.swift */ = {isa = PBXFileReference; lastKnownFileType = sourcecode.swift; path = "GameKit/GameKitRealtimeTransport.swift"; sourceTree = "<group>"; };
		B00000000000000000000039 /* GameWireMessage.swift */ = {isa = PBXFileReference; lastKnownFileType = sourcecode.swift; path = "GameKit/GameWireMessage.swift"; sourceTree = "<group>"; };
		B0000000000000000000003A /* WirePreferansAction.swift */ = {isa = PBXFileReference; lastKnownFileType = sourcecode.swift; path = "GameKit/WirePreferansAction.swift"; sourceTree = "<group>"; };
		B0000000000000000000003B /* GameLogReplayer.swift */ = {isa = PBXFileReference; lastKnownFileType = sourcecode.swift; path = "Online/GameLogReplayer.swift"; sourceTree = "<group>"; };
		B0000000000000000000003C /* HostGameActor.swift */ = {isa = PBXFileReference; lastKnownFileType = sourcecode.swift; path = "Online/HostGameActor.swift"; sourceTree = "<group>"; };
		B0000000000000000000003D /* HostedOnlineGameCoordinator.swift */ = {isa = PBXFileReference; lastKnownFileType = sourcecode.swift; path = "Online/HostedOnlineGameCoordinator.swift"; sourceTree = "<group>"; };
		B0000000000000000000003E /* PlayerProjection.swift */ = {isa = PBXFileReference; lastKnownFileType = sourcecode.swift; path = "Projection/PlayerProjection.swift"; sourceTree = "<group>"; };
		B0000000000000000000003F /* AppEngineSnapshot.swift */ = {isa = PBXFileReference; lastKnownFileType = sourcecode.swift; path = "Support/AppEngineSnapshot.swift"; sourceTree = "<group>"; };
		B00000000000000000000040 /* AppIdentifiers.swift */ = {isa = PBXFileReference; lastKnownFileType = sourcecode.swift; path = "Support/AppIdentifiers.swift"; sourceTree = "<group>"; };
		B00000000000000000000041 /* PlayerIdentity.swift */ = {isa = PBXFileReference; lastKnownFileType = sourcecode.swift; path = "Support/PlayerIdentity.swift"; sourceTree = "<group>"; };
		B00000000000000000000042 /* PreferansEngine+UI.swift */ = {isa = PBXFileReference; lastKnownFileType = sourcecode.swift; path = "Support/PreferansEngine+UI.swift"; sourceTree = "<group>"; };
		B00000000000000000000043 /* PreferansGameStatus.swift */ = {isa = PBXFileReference; lastKnownFileType = sourcecode.swift; path = "Support/PreferansGameStatus.swift"; sourceTree = "<group>"; };
		B00000000000000000000044 /* CardView.swift */ = {isa = PBXFileReference; lastKnownFileType = sourcecode.swift; path = "UI/CardView.swift"; sourceTree = "<group>"; };
		B00000000000000000000045 /* LobbyView.swift */ = {isa = PBXFileReference; lastKnownFileType = sourcecode.swift; path = "UI/LobbyView.swift"; sourceTree = "<group>"; };
		B00000000000000000000046 /* LocalGameScreen.swift */ = {isa = PBXFileReference; lastKnownFileType = sourcecode.swift; path = "UI/LocalGameScreen.swift"; sourceTree = "<group>"; };
		B00000000000000000000071 /* CardFanView.swift */ = {isa = PBXFileReference; lastKnownFileType = sourcecode.swift; path = "UI/CardFanView.swift"; sourceTree = "<group>"; };
		B00000000000000000000072 /* OpponentSeatView.swift */ = {isa = PBXFileReference; lastKnownFileType = sourcecode.swift; path = "UI/OpponentSeatView.swift"; sourceTree = "<group>"; };
		B00000000000000000000073 /* TableView.swift */ = {isa = PBXFileReference; lastKnownFileType = sourcecode.swift; path = "UI/TableView.swift"; sourceTree = "<group>"; };
		B00000000000000000000074 /* ActionBarView.swift */ = {isa = PBXFileReference; lastKnownFileType = sourcecode.swift; path = "UI/ActionBarView.swift"; sourceTree = "<group>"; };
		B00000000000000000000075 /* TableTheme.swift */ = {isa = PBXFileReference; lastKnownFileType = sourcecode.swift; path = "UI/TableTheme.swift"; sourceTree = "<group>"; };
		B00000000000000000000048 /* ProjectionGameScreen.swift */ = {isa = PBXFileReference; lastKnownFileType = sourcecode.swift; path = "UI/ProjectionGameScreen.swift"; sourceTree = "<group>"; };
		B00000000000000000000049 /* ScoreBoardView.swift */ = {isa = PBXFileReference; lastKnownFileType = sourcecode.swift; path = "UI/ScoreBoardView.swift"; sourceTree = "<group>"; };
		C00000000000000000000010 /* PreferansEngine.framework */ = {isa = PBXFileReference; explicitFileType = wrapper.framework; includeInIndex = 0; path = PreferansEngine.framework; sourceTree = BUILT_PRODUCTS_DIR; };
		C00000000000000000000011 /* Domain.swift */ = {isa = PBXFileReference; lastKnownFileType = sourcecode.swift; path = Domain.swift; sourceTree = "<group>"; };
		C00000000000000000000012 /* PreferansEngine.swift */ = {isa = PBXFileReference; lastKnownFileType = sourcecode.swift; path = PreferansEngine.swift; sourceTree = "<group>"; };
		C00000000000000000000013 /* PreferansError.swift */ = {isa = PBXFileReference; lastKnownFileType = sourcecode.swift; path = PreferansError.swift; sourceTree = "<group>"; };
		C00000000000000000000014 /* Rules.swift */ = {isa = PBXFileReference; lastKnownFileType = sourcecode.swift; path = Rules.swift; sourceTree = "<group>"; };
		C00000000000000000000015 /* Score.swift */ = {isa = PBXFileReference; lastKnownFileType = sourcecode.swift; path = Score.swift; sourceTree = "<group>"; };
		C00000000000000000000016 /* State.swift */ = {isa = PBXFileReference; lastKnownFileType = sourcecode.swift; path = State.swift; sourceTree = "<group>"; };
		C00000000000000000000017 /* DealSource.swift */ = {isa = PBXFileReference; lastKnownFileType = sourcecode.swift; path = DealSource.swift; sourceTree = "<group>"; };
		C0000000000000000000A040 /* MatchSettings.swift */ = {isa = PBXFileReference; lastKnownFileType = sourcecode.swift; path = MatchSettings.swift; sourceTree = "<group>"; };
		C0000000000000000000A041 /* HandRecipe.swift */ = {isa = PBXFileReference; lastKnownFileType = sourcecode.swift; path = HandRecipe.swift; sourceTree = "<group>"; };
		C0000000000000000000A042 /* MatchScript.swift */ = {isa = PBXFileReference; lastKnownFileType = sourcecode.swift; path = MatchScript.swift; sourceTree = "<group>"; };
		C0000000000000000000A043 /* EngineMatchDriver.swift */ = {isa = PBXFileReference; lastKnownFileType = sourcecode.swift; path = EngineMatchDriver.swift; sourceTree = "<group>"; };
		C0000000000000000000A044 /* MatchScriptFixtures.swift */ = {isa = PBXFileReference; lastKnownFileType = sourcecode.swift; path = MatchScriptFixtures.swift; sourceTree = "<group>"; };
		C0000000000000000000A045 /* UIIdentifiers.swift */ = {isa = PBXFileReference; lastKnownFileType = sourcecode.swift; path = UIIdentifiers.swift; sourceTree = "<group>"; };
		B0000000000000000000004A /* TestHarness.swift */ = {isa = PBXFileReference; lastKnownFileType = sourcecode.swift; path = "Support/TestHarness.swift"; sourceTree = "<group>"; };
		E00000000000000000000001 /* PreferansUITests.xctest */ = {isa = PBXFileReference; explicitFileType = wrapper.cfbundle; includeInIndex = 0; path = PreferansUITests.xctest; sourceTree = BUILT_PRODUCTS_DIR; };
		E00000000000000000000002 /* PreferansUITests.swift */ = {isa = PBXFileReference; lastKnownFileType = sourcecode.swift; path = PreferansUITests.swift; sourceTree = "<group>"; };
		E0000000000000000000A040 /* MatchUIRobot.swift */ = {isa = PBXFileReference; lastKnownFileType = sourcecode.swift; path = MatchUIRobot.swift; sourceTree = "<group>"; };
		E0000000000000000000A042 /* MatchUITests.swift */ = {isa = PBXFileReference; lastKnownFileType = sourcecode.swift; path = MatchUITests.swift; sourceTree = "<group>"; };
		E0000000000000000000A044 /* MatchUIDriver.swift */ = {isa = PBXFileReference; lastKnownFileType = sourcecode.swift; path = MatchUIDriver.swift; sourceTree = "<group>"; };
		E0000000000000000000A046 /* FullGameUITests.swift */ = {isa = PBXFileReference; lastKnownFileType = sourcecode.swift; path = FullGameUITests.swift; sourceTree = "<group>"; };
		E0000000000000000000A048 /* RedesignScreenshotTests.swift */ = {isa = PBXFileReference; lastKnownFileType = sourcecode.swift; path = RedesignScreenshotTests.swift; sourceTree = "<group>"; };
/* End PBXFileReference section */

/* Begin PBXFrameworksBuildPhase section */
		A00000000000000000000020 /* Frameworks */ = {
			isa = PBXFrameworksBuildPhase;
			buildActionMask = 2147483647;
			files = (
				C0000000000000000000002F /* PreferansEngine.framework in Frameworks */,
			);
			runOnlyForDeploymentPostprocessing = 0;
		};
		C00000000000000000000041 /* Frameworks */ = {
			isa = PBXFrameworksBuildPhase;
			buildActionMask = 2147483647;
			files = (
			);
			runOnlyForDeploymentPostprocessing = 0;
		};
		E00000000000000000000021 /* Frameworks */ = {
			isa = PBXFrameworksBuildPhase;
			buildActionMask = 2147483647;
			files = (
				E0000000000000000000A030 /* PreferansEngine.framework in Frameworks */,
			);
			runOnlyForDeploymentPostprocessing = 0;
		};
/* End PBXFrameworksBuildPhase section */

/* Begin PBXGroup section */
		A00000000000000000000021 = {
			isa = PBXGroup;
			children = (
				A00000000000000000000022 /* Preferans */,
				C00000000000000000000030 /* PreferansEngine */,
				E00000000000000000000060 /* PreferansUITests */,
				A00000000000000000000024 /* AppStore */,
				A00000000000000000000023 /* Products */,
			);
			sourceTree = "<group>";
		};
		A00000000000000000000022 /* Preferans */ = {
			isa = PBXGroup;
			children = (
				B00000000000000000000031 /* PreferansApp.swift */,
				B00000000000000000000032 /* GameViewModel.swift */,
				B00000000000000000000033 /* CloudKitGameArchiveStore.swift */,
				B00000000000000000000034 /* CloudKitModels.swift */,
				B00000000000000000000035 /* CloudKitRecords.swift */,
				B00000000000000000000036 /* GameCenterMatchmakerView.swift */,
				B00000000000000000000037 /* GameCenterService.swift */,
				B00000000000000000000038 /* GameKitRealtimeTransport.swift */,
				B00000000000000000000039 /* GameWireMessage.swift */,
				B0000000000000000000003A /* WirePreferansAction.swift */,
				B0000000000000000000003B /* GameLogReplayer.swift */,
				B0000000000000000000003C /* HostGameActor.swift */,
				B0000000000000000000003D /* HostedOnlineGameCoordinator.swift */,
				B0000000000000000000003E /* PlayerProjection.swift */,
				B0000000000000000000003F /* AppEngineSnapshot.swift */,
				B00000000000000000000040 /* AppIdentifiers.swift */,
				B00000000000000000000041 /* PlayerIdentity.swift */,
				B00000000000000000000042 /* PreferansEngine+UI.swift */,
				B00000000000000000000043 /* PreferansGameStatus.swift */,
				B0000000000000000000004A /* TestHarness.swift */,
				B00000000000000000000044 /* CardView.swift */,
				B00000000000000000000045 /* LobbyView.swift */,
				B00000000000000000000046 /* LocalGameScreen.swift */,
				B00000000000000000000048 /* ProjectionGameScreen.swift */,
				B00000000000000000000049 /* ScoreBoardView.swift */,
				B00000000000000000000071 /* CardFanView.swift */,
				B00000000000000000000072 /* OpponentSeatView.swift */,
				B00000000000000000000073 /* TableView.swift */,
				B00000000000000000000074 /* ActionBarView.swift */,
				B00000000000000000000075 /* TableTheme.swift */,
				A00000000000000000000018 /* Assets.xcassets */,
				A00000000000000000000019 /* README.md */,
			);
			path = Preferans;
			sourceTree = "<group>";
		};
		A00000000000000000000023 /* Products */ = {
			isa = PBXGroup;
			children = (
				A00000000000000000000010 /* Preferans.app */,
				C00000000000000000000010 /* PreferansEngine.framework */,
				E00000000000000000000001 /* PreferansUITests.xctest */,
			);
			name = Products;
			sourceTree = "<group>";
		};
		C00000000000000000000030 /* PreferansEngine */ = {
			isa = PBXGroup;
			children = (
				C00000000000000000000011 /* Domain.swift */,
				C00000000000000000000012 /* PreferansEngine.swift */,
				C00000000000000000000013 /* PreferansError.swift */,
				C00000000000000000000014 /* Rules.swift */,
				C00000000000000000000015 /* Score.swift */,
				C00000000000000000000016 /* State.swift */,
				C00000000000000000000017 /* DealSource.swift */,
				C0000000000000000000A040 /* MatchSettings.swift */,
				C0000000000000000000A041 /* HandRecipe.swift */,
				C0000000000000000000A042 /* MatchScript.swift */,
				C0000000000000000000A043 /* EngineMatchDriver.swift */,
				C0000000000000000000A044 /* MatchScriptFixtures.swift */,
				C0000000000000000000A045 /* UIIdentifiers.swift */,
			);
			path = Sources/PreferansEngine;
			sourceTree = "<group>";
		};
		E00000000000000000000060 /* PreferansUITests */ = {
			isa = PBXGroup;
			children = (
				E00000000000000000000002 /* PreferansUITests.swift */,
				E0000000000000000000A040 /* MatchUIRobot.swift */,
				E0000000000000000000A044 /* MatchUIDriver.swift */,
				E0000000000000000000A042 /* MatchUITests.swift */,
				E0000000000000000000A046 /* FullGameUITests.swift */,
				E0000000000000000000A048 /* RedesignScreenshotTests.swift */,
			);
			path = PreferansUITests;
			sourceTree = "<group>";
		};
/* End PBXGroup section */

/* Begin PBXNativeTarget section */
		A00000000000000000000030 /* Preferans */ = {
			isa = PBXNativeTarget;
			buildConfigurationList = A00000000000000000000040 /* Build configuration list for PBXNativeTarget "Preferans" */;
			buildPhases = (
				A00000000000000000000031 /* Sources */,
				A00000000000000000000020 /* Frameworks */,
				D00000000000000000000002 /* Embed Frameworks */,
				A00000000000000000000032 /* Resources */,
			);
			buildRules = (
			);
			dependencies = (
				C00000000000000000000061 /* PBXTargetDependency */,
			);
			name = Preferans;
			productName = Preferans;
			productReference = A00000000000000000000010 /* Preferans.app */;
			productType = "com.apple.product-type.application";
		};
		C00000000000000000000050 /* PreferansEngine */ = {
			isa = PBXNativeTarget;
			buildConfigurationList = C00000000000000000000072 /* Build configuration list for PBXNativeTarget "PreferansEngine" */;
			buildPhases = (
				C00000000000000000000040 /* Sources */,
				C00000000000000000000041 /* Frameworks */,
			);
			buildRules = (
			);
			dependencies = (
			);
			name = PreferansEngine;
			productName = PreferansEngine;
			productReference = C00000000000000000000010 /* PreferansEngine.framework */;
			productType = "com.apple.product-type.framework";
		};
		E00000000000000000000010 /* PreferansUITests */ = {
			isa = PBXNativeTarget;
			buildConfigurationList = E00000000000000000000050 /* Build configuration list for PBXNativeTarget "PreferansUITests" */;
			buildPhases = (
				E00000000000000000000020 /* Sources */,
				E00000000000000000000021 /* Frameworks */,
			);
			buildRules = (
			);
			dependencies = (
				E00000000000000000000031 /* PBXTargetDependency */,
				E0000000000000000000A032 /* PBXTargetDependency */,
			);
			name = PreferansUITests;
			productName = PreferansUITests;
			productReference = E00000000000000000000001 /* PreferansUITests.xctest */;
			productType = "com.apple.product-type.bundle.ui-testing";
		};
/* End PBXNativeTarget section */

/* Begin PBXProject section */
		A00000000000000000000033 /* Project object */ = {
			isa = PBXProject;
			attributes = {
				BuildIndependentTargetsInParallel = 1;
				LastSwiftUpdateCheck = 2600;
				LastUpgradeCheck = 2640;
				TargetAttributes = {
					A00000000000000000000030 = {
						CreatedOnToolsVersion = 26.4.1;
					};
					E00000000000000000000010 = {
						CreatedOnToolsVersion = 26.4.1;
						TestTargetID = A00000000000000000000030;
					};
				};
			};
			buildConfigurationList = A00000000000000000000041 /* Build configuration list for PBXProject "Preferans" */;
			compatibilityVersion = "Xcode 14.0";
			developmentRegion = en;
			hasScannedForEncodings = 0;
			knownRegions = (
				en,
				Base,
			);
			mainGroup = A00000000000000000000021;
			productRefGroup = A00000000000000000000023 /* Products */;
			projectDirPath = "";
			projectRoot = "";
			targets = (
				A00000000000000000000030 /* Preferans */,
				C00000000000000000000050 /* PreferansEngine */,
				E00000000000000000000010 /* PreferansUITests */,
			);
		};
/* End PBXProject section */

/* Begin PBXResourcesBuildPhase section */
		A00000000000000000000032 /* Resources */ = {
			isa = PBXResourcesBuildPhase;
			buildActionMask = 2147483647;
			files = (
				A00000000000000000000008 /* Assets.xcassets in Resources */,
			);
			runOnlyForDeploymentPostprocessing = 0;
		};
/* End PBXResourcesBuildPhase section */

/* Begin PBXSourcesBuildPhase section */
		A00000000000000000000031 /* Sources */ = {
			isa = PBXSourcesBuildPhase;
			buildActionMask = 2147483647;
			files = (
				B00000000000000000000001 /* PreferansApp.swift in Sources */,
				B00000000000000000000002 /* GameViewModel.swift in Sources */,
				B00000000000000000000003 /* CloudKitGameArchiveStore.swift in Sources */,
				B00000000000000000000004 /* CloudKitModels.swift in Sources */,
				B00000000000000000000005 /* CloudKitRecords.swift in Sources */,
				B00000000000000000000006 /* GameCenterMatchmakerView.swift in Sources */,
				B00000000000000000000007 /* GameCenterService.swift in Sources */,
				B00000000000000000000008 /* GameKitRealtimeTransport.swift in Sources */,
				B00000000000000000000009 /* GameWireMessage.swift in Sources */,
				B0000000000000000000000A /* WirePreferansAction.swift in Sources */,
				B0000000000000000000000B /* GameLogReplayer.swift in Sources */,
				B0000000000000000000000C /* HostGameActor.swift in Sources */,
				B0000000000000000000000D /* HostedOnlineGameCoordinator.swift in Sources */,
				B0000000000000000000000E /* PlayerProjection.swift in Sources */,
				B0000000000000000000000F /* AppEngineSnapshot.swift in Sources */,
				B00000000000000000000010 /* AppIdentifiers.swift in Sources */,
				B00000000000000000000011 /* PlayerIdentity.swift in Sources */,
				B00000000000000000000012 /* PreferansEngine+UI.swift in Sources */,
				B00000000000000000000013 /* PreferansGameStatus.swift in Sources */,
				B0000000000000000000001A /* TestHarness.swift in Sources */,
				B00000000000000000000014 /* CardView.swift in Sources */,
				B00000000000000000000015 /* LobbyView.swift in Sources */,
				B00000000000000000000016 /* LocalGameScreen.swift in Sources */,
				B00000000000000000000018 /* ProjectionGameScreen.swift in Sources */,
				B00000000000000000000019 /* ScoreBoardView.swift in Sources */,
				B00000000000000000000061 /* CardFanView.swift in Sources */,
				B00000000000000000000062 /* OpponentSeatView.swift in Sources */,
				B00000000000000000000063 /* TableView.swift in Sources */,
				B00000000000000000000064 /* ActionBarView.swift in Sources */,
				B00000000000000000000065 /* TableTheme.swift in Sources */,
			);
			runOnlyForDeploymentPostprocessing = 0;
		};
		C00000000000000000000040 /* Sources */ = {
			isa = PBXSourcesBuildPhase;
			buildActionMask = 2147483647;
			files = (
				C00000000000000000000020 /* Domain.swift in Sources */,
				C00000000000000000000021 /* PreferansEngine.swift in Sources */,
				C00000000000000000000022 /* PreferansError.swift in Sources */,
				C00000000000000000000023 /* Rules.swift in Sources */,
				C00000000000000000000024 /* Score.swift in Sources */,
				C00000000000000000000025 /* State.swift in Sources */,
				C00000000000000000000026 /* DealSource.swift in Sources */,
				C0000000000000000000A050 /* MatchSettings.swift in Sources */,
				C0000000000000000000A051 /* HandRecipe.swift in Sources */,
				C0000000000000000000A052 /* MatchScript.swift in Sources */,
				C0000000000000000000A053 /* EngineMatchDriver.swift in Sources */,
				C0000000000000000000A054 /* MatchScriptFixtures.swift in Sources */,
				C0000000000000000000A055 /* UIIdentifiers.swift in Sources */,
			);
			runOnlyForDeploymentPostprocessing = 0;
		};
		E00000000000000000000020 /* Sources */ = {
			isa = PBXSourcesBuildPhase;
			buildActionMask = 2147483647;
			files = (
				E00000000000000000000003 /* PreferansUITests.swift in Sources */,
				E0000000000000000000A041 /* MatchUIRobot.swift in Sources */,
				E0000000000000000000A045 /* MatchUIDriver.swift in Sources */,
				E0000000000000000000A043 /* MatchUITests.swift in Sources */,
				E0000000000000000000A047 /* FullGameUITests.swift in Sources */,
				E0000000000000000000A049 /* RedesignScreenshotTests.swift in Sources */,
			);
			runOnlyForDeploymentPostprocessing = 0;
		};
/* End PBXSourcesBuildPhase section */

/* Begin PBXTargetDependency section */
		C00000000000000000000061 /* PBXTargetDependency */ = {
			isa = PBXTargetDependency;
			target = C00000000000000000000050 /* PreferansEngine */;
			targetProxy = C00000000000000000000060 /* PBXContainerItemProxy */;
		};
		E00000000000000000000031 /* PBXTargetDependency */ = {
			isa = PBXTargetDependency;
			target = A00000000000000000000030 /* Preferans */;
			targetProxy = E00000000000000000000030 /* PBXContainerItemProxy */;
		};
		E0000000000000000000A032 /* PBXTargetDependency */ = {
			isa = PBXTargetDependency;
			target = C00000000000000000000050 /* PreferansEngine */;
			targetProxy = E0000000000000000000A031 /* PBXContainerItemProxy */;
		};
/* End PBXTargetDependency section */

/* Begin XCBuildConfiguration section */
		A00000000000000000000050 /* Debug */ = {
			isa = XCBuildConfiguration;
			buildSettings = {
				ALWAYS_SEARCH_USER_PATHS = NO;
				CLANG_ENABLE_MODULES = YES;
				CLANG_ENABLE_OBJC_ARC = YES;
				CLANG_WARN_BLOCK_CAPTURE_AUTORELEASING = YES;
				CLANG_WARN_BOOL_CONVERSION = YES;
				CLANG_WARN_COMMA = YES;
				CLANG_WARN_CONSTANT_CONVERSION = YES;
				CLANG_WARN_DEPRECATED_OBJC_IMPLEMENTATIONS = YES;
				CLANG_WARN_EMPTY_BODY = YES;
				CLANG_WARN_ENUM_CONVERSION = YES;
				CLANG_WARN_INFINITE_RECURSION = YES;
				CLANG_WARN_INT_CONVERSION = YES;
				CLANG_WARN_NON_LITERAL_NULL_CONVERSION = YES;
				CLANG_WARN_OBJC_IMPLICIT_RETAIN_SELF = YES;
				CLANG_WARN_OBJC_LITERAL_CONVERSION = YES;
				CLANG_WARN_QUOTED_INCLUDE_IN_FRAMEWORK_HEADER = YES;
				CLANG_WARN_RANGE_LOOP_ANALYSIS = YES;
				CLANG_WARN_STRICT_PROTOTYPES = YES;
				CLANG_WARN_SUSPICIOUS_MOVE = YES;
				CLANG_WARN_UNREACHABLE_CODE = YES;
				CLANG_WARN__DUPLICATE_METHOD_MATCH = YES;
				COPY_PHASE_STRIP = NO;
				DEAD_CODE_STRIPPING = YES;
				DEBUG_INFORMATION_FORMAT = dwarf;
				DEVELOPMENT_TEAM = 3WSQ6X9CDT;
				ENABLE_PREVIEWS = YES;
				ENABLE_STRICT_OBJC_MSGSEND = YES;
				ENABLE_TESTABILITY = YES;
				ENABLE_USER_SCRIPT_SANDBOXING = YES;
				GCC_NO_COMMON_BLOCKS = YES;
				GCC_OPTIMIZATION_LEVEL = 0;
				GCC_WARN_64_TO_32_BIT_CONVERSION = YES;
				GCC_WARN_ABOUT_RETURN_TYPE = YES;
				GCC_WARN_UNDECLARED_SELECTOR = YES;
				GCC_WARN_UNINITIALIZED_AUTOS = YES;
				GCC_WARN_UNUSED_FUNCTION = YES;
				GCC_WARN_UNUSED_VARIABLE = YES;
				IPHONEOS_DEPLOYMENT_TARGET = 17.0;
				ONLY_ACTIVE_ARCH = YES;
				STRING_CATALOG_GENERATE_SYMBOLS = YES;
				SWIFT_ACTIVE_COMPILATION_CONDITIONS = DEBUG;
				SWIFT_OPTIMIZATION_LEVEL = "-Onone";
			};
			name = Debug;
		};
		A00000000000000000000051 /* Release */ = {
			isa = XCBuildConfiguration;
			buildSettings = {
				ALWAYS_SEARCH_USER_PATHS = NO;
				CLANG_ENABLE_MODULES = YES;
				CLANG_ENABLE_OBJC_ARC = YES;
				CLANG_WARN_BLOCK_CAPTURE_AUTORELEASING = YES;
				CLANG_WARN_BOOL_CONVERSION = YES;
				CLANG_WARN_COMMA = YES;
				CLANG_WARN_CONSTANT_CONVERSION = YES;
				CLANG_WARN_DEPRECATED_OBJC_IMPLEMENTATIONS = YES;
				CLANG_WARN_EMPTY_BODY = YES;
				CLANG_WARN_ENUM_CONVERSION = YES;
				CLANG_WARN_INFINITE_RECURSION = YES;
				CLANG_WARN_INT_CONVERSION = YES;
				CLANG_WARN_NON_LITERAL_NULL_CONVERSION = YES;
				CLANG_WARN_OBJC_IMPLICIT_RETAIN_SELF = YES;
				CLANG_WARN_OBJC_LITERAL_CONVERSION = YES;
				CLANG_WARN_QUOTED_INCLUDE_IN_FRAMEWORK_HEADER = YES;
				CLANG_WARN_RANGE_LOOP_ANALYSIS = YES;
				CLANG_WARN_STRICT_PROTOTYPES = YES;
				CLANG_WARN_SUSPICIOUS_MOVE = YES;
				CLANG_WARN_UNREACHABLE_CODE = YES;
				CLANG_WARN__DUPLICATE_METHOD_MATCH = YES;
				COPY_PHASE_STRIP = NO;
				DEAD_CODE_STRIPPING = YES;
				DEBUG_INFORMATION_FORMAT = "dwarf-with-dsym";
				DEVELOPMENT_TEAM = 3WSQ6X9CDT;
				ENABLE_NS_ASSERTIONS = NO;
				ENABLE_STRICT_OBJC_MSGSEND = YES;
				ENABLE_USER_SCRIPT_SANDBOXING = YES;
				GCC_NO_COMMON_BLOCKS = YES;
				GCC_WARN_64_TO_32_BIT_CONVERSION = YES;
				GCC_WARN_ABOUT_RETURN_TYPE = YES;
				GCC_WARN_UNDECLARED_SELECTOR = YES;
				GCC_WARN_UNINITIALIZED_AUTOS = YES;
				GCC_WARN_UNUSED_FUNCTION = YES;
				GCC_WARN_UNUSED_VARIABLE = YES;
				IPHONEOS_DEPLOYMENT_TARGET = 17.0;
				STRING_CATALOG_GENERATE_SYMBOLS = YES;
				SWIFT_COMPILATION_MODE = wholemodule;
				VALIDATE_PRODUCT = YES;
			};
			name = Release;
		};
		A00000000000000000000052 /* Debug */ = {
			isa = XCBuildConfiguration;
			buildSettings = {
				ASSETCATALOG_COMPILER_APPICON_NAME = AppIcon;
				CODE_SIGN_ENTITLEMENTS = Preferans/Preferans.entitlements;
				CODE_SIGN_STYLE = Automatic;
				CURRENT_PROJECT_VERSION = 4;
				DEAD_CODE_STRIPPING = YES;
				ENABLE_PREVIEWS = YES;
				GENERATE_INFOPLIST_FILE = YES;
				INFOPLIST_KEY_CFBundleDisplayName = Preferans;
				INFOPLIST_KEY_CKSharingSupported = YES;
				INFOPLIST_KEY_LSApplicationCategoryType = "public.app-category.games";
				INFOPLIST_KEY_UIApplicationSceneManifest_Generation = YES;
				INFOPLIST_KEY_UIApplicationSupportsIndirectInputEvents = YES;
				INFOPLIST_KEY_UILaunchScreen_Generation = YES;
				INFOPLIST_KEY_UIRequiresFullScreen = YES;
				INFOPLIST_KEY_UISupportedInterfaceOrientations_iPad = "UIInterfaceOrientationPortrait UIInterfaceOrientationLandscapeLeft UIInterfaceOrientationLandscapeRight";
				INFOPLIST_KEY_UISupportedInterfaceOrientations_iPhone = UIInterfaceOrientationPortrait;
				LD_RUNPATH_SEARCH_PATHS = (
					"$(inherited)",
					"@executable_path/Frameworks",
				);
				MARKETING_VERSION = 1.0;
				PRODUCT_BUNDLE_IDENTIFIER = com.mixandmatch.preferans;
				PRODUCT_NAME = "$(TARGET_NAME)";
				SUPPORTED_PLATFORMS = "iphoneos iphonesimulator macosx";
				SUPPORTS_MACCATALYST = YES;
				SWIFT_EMIT_LOC_STRINGS = YES;
				SWIFT_VERSION = 5.0;
				TARGETED_DEVICE_FAMILY = "1,2";
			};
			name = Debug;
		};
		A00000000000000000000053 /* Release */ = {
			isa = XCBuildConfiguration;
			buildSettings = {
				ASSETCATALOG_COMPILER_APPICON_NAME = AppIcon;
				CODE_SIGN_ENTITLEMENTS = Preferans/Preferans.entitlements;
				CODE_SIGN_STYLE = Automatic;
				CURRENT_PROJECT_VERSION = 4;
				DEAD_CODE_STRIPPING = YES;
				GENERATE_INFOPLIST_FILE = YES;
				INFOPLIST_KEY_CFBundleDisplayName = Preferans;
				INFOPLIST_KEY_CKSharingSupported = YES;
				INFOPLIST_KEY_LSApplicationCategoryType = "public.app-category.games";
				INFOPLIST_KEY_UIApplicationSceneManifest_Generation = YES;
				INFOPLIST_KEY_UIApplicationSupportsIndirectInputEvents = YES;
				INFOPLIST_KEY_UILaunchScreen_Generation = YES;
				INFOPLIST_KEY_UIRequiresFullScreen = YES;
				INFOPLIST_KEY_UISupportedInterfaceOrientations_iPad = "UIInterfaceOrientationPortrait UIInterfaceOrientationLandscapeLeft UIInterfaceOrientationLandscapeRight";
				INFOPLIST_KEY_UISupportedInterfaceOrientations_iPhone = UIInterfaceOrientationPortrait;
				LD_RUNPATH_SEARCH_PATHS = (
					"$(inherited)",
					"@executable_path/Frameworks",
				);
				MARKETING_VERSION = 1.0;
				PRODUCT_BUNDLE_IDENTIFIER = com.mixandmatch.preferans;
				PRODUCT_NAME = "$(TARGET_NAME)";
				SUPPORTED_PLATFORMS = "iphoneos iphonesimulator macosx";
				SUPPORTS_MACCATALYST = YES;
				SWIFT_EMIT_LOC_STRINGS = YES;
				SWIFT_VERSION = 5.0;
				TARGETED_DEVICE_FAMILY = "1,2";
			};
			name = Release;
		};
		C00000000000000000000070 /* Debug */ = {
			isa = XCBuildConfiguration;
			buildSettings = {
				CODE_SIGN_STYLE = Automatic;
				CURRENT_PROJECT_VERSION = 1;
				DEFINES_MODULE = YES;
				DEVELOPMENT_TEAM = 3WSQ6X9CDT;
				DYLIB_COMPATIBILITY_VERSION = 1;
				DYLIB_CURRENT_VERSION = 1;
				DYLIB_INSTALL_NAME_BASE = "@rpath";
				GENERATE_INFOPLIST_FILE = YES;
				IPHONEOS_DEPLOYMENT_TARGET = 15.0;
				MARKETING_VERSION = 1.0;
				PRODUCT_BUNDLE_IDENTIFIER = com.mixandmatch.preferans.engine;
				PRODUCT_NAME = "$(TARGET_NAME)";
				SKIP_INSTALL = YES;
				SUPPORTED_PLATFORMS = "iphoneos iphonesimulator macosx";
				SUPPORTS_MACCATALYST = YES;
				SWIFT_OPTIMIZATION_LEVEL = "-Onone";
				SWIFT_VERSION = 5.0;
				TARGETED_DEVICE_FAMILY = "1,2";
			};
			name = Debug;
		};
		C00000000000000000000071 /* Release */ = {
			isa = XCBuildConfiguration;
			buildSettings = {
				CODE_SIGN_STYLE = Automatic;
				CURRENT_PROJECT_VERSION = 1;
				DEFINES_MODULE = YES;
				DEVELOPMENT_TEAM = 3WSQ6X9CDT;
				DYLIB_COMPATIBILITY_VERSION = 1;
				DYLIB_CURRENT_VERSION = 1;
				DYLIB_INSTALL_NAME_BASE = "@rpath";
				GENERATE_INFOPLIST_FILE = YES;
				IPHONEOS_DEPLOYMENT_TARGET = 15.0;
				MARKETING_VERSION = 1.0;
				PRODUCT_BUNDLE_IDENTIFIER = com.mixandmatch.preferans.engine;
				PRODUCT_NAME = "$(TARGET_NAME)";
				SKIP_INSTALL = YES;
				SUPPORTED_PLATFORMS = "iphoneos iphonesimulator macosx";
				SUPPORTS_MACCATALYST = YES;
				SWIFT_COMPILATION_MODE = wholemodule;
				SWIFT_VERSION = 5.0;
				TARGETED_DEVICE_FAMILY = "1,2";
			};
			name = Release;
		};
		E00000000000000000000040 /* Debug */ = {
			isa = XCBuildConfiguration;
			buildSettings = {
				CODE_SIGN_STYLE = Automatic;
				CURRENT_PROJECT_VERSION = 1;
				DEVELOPMENT_TEAM = 3WSQ6X9CDT;
				GENERATE_INFOPLIST_FILE = YES;
				IPHONEOS_DEPLOYMENT_TARGET = 17.0;
				MARKETING_VERSION = 1.0;
				PRODUCT_BUNDLE_IDENTIFIER = com.mixandmatch.preferans.uitests;
				PRODUCT_NAME = "$(TARGET_NAME)";
				SUPPORTED_PLATFORMS = "iphoneos iphonesimulator macosx";
				SUPPORTS_MACCATALYST = YES;
				SWIFT_EMIT_LOC_STRINGS = NO;
				SWIFT_VERSION = 5.0;
				TARGETED_DEVICE_FAMILY = "1,2";
				TEST_TARGET_NAME = Preferans;
			};
			name = Debug;
		};
		E00000000000000000000041 /* Release */ = {
			isa = XCBuildConfiguration;
			buildSettings = {
				CODE_SIGN_STYLE = Automatic;
				CURRENT_PROJECT_VERSION = 1;
				DEVELOPMENT_TEAM = 3WSQ6X9CDT;
				GENERATE_INFOPLIST_FILE = YES;
				IPHONEOS_DEPLOYMENT_TARGET = 17.0;
				MARKETING_VERSION = 1.0;
				PRODUCT_BUNDLE_IDENTIFIER = com.mixandmatch.preferans.uitests;
				PRODUCT_NAME = "$(TARGET_NAME)";
				SUPPORTED_PLATFORMS = "iphoneos iphonesimulator macosx";
				SUPPORTS_MACCATALYST = YES;
				SWIFT_EMIT_LOC_STRINGS = NO;
				SWIFT_VERSION = 5.0;
				TARGETED_DEVICE_FAMILY = "1,2";
				TEST_TARGET_NAME = Preferans;
			};
			name = Release;
		};
/* End XCBuildConfiguration section */

/* Begin XCConfigurationList section */
		A00000000000000000000040 /* Build configuration list for PBXNativeTarget "Preferans" */ = {
			isa = XCConfigurationList;
			buildConfigurations = (
				A00000000000000000000052 /* Debug */,
				A00000000000000000000053 /* Release */,
			);
			defaultConfigurationIsVisible = 0;
			defaultConfigurationName = Release;
		};
		A00000000000000000000041 /* Build configuration list for PBXProject "Preferans" */ = {
			isa = XCConfigurationList;
			buildConfigurations = (
				A00000000000000000000050 /* Debug */,
				A00000000000000000000051 /* Release */,
			);
			defaultConfigurationIsVisible = 0;
			defaultConfigurationName = Release;
		};
		C00000000000000000000072 /* Build configuration list for PBXNativeTarget "PreferansEngine" */ = {
			isa = XCConfigurationList;
			buildConfigurations = (
				C00000000000000000000070 /* Debug */,
				C00000000000000000000071 /* Release */,
			);
			defaultConfigurationIsVisible = 0;
			defaultConfigurationName = Release;
		};
		E00000000000000000000050 /* Build configuration list for PBXNativeTarget "PreferansUITests" */ = {
			isa = XCConfigurationList;
			buildConfigurations = (
				E00000000000000000000040 /* Debug */,
				E00000000000000000000041 /* Release */,
			);
			defaultConfigurationIsVisible = 0;
			defaultConfigurationName = Release;
		};
/* End XCConfigurationList section */
	};
	rootObject = A00000000000000000000033 /* Project object */;
}
